
Microsoft Visual Studio Solution File, Format Version 12.00
# Visual Studio Version 16
VisualStudioVersion = 16.0.30330.147
MinimumVisualStudioVersion = 10.0.40219.1
Project("{FAE04EC0-301F-11D3-BF4B-00C04F79EFBC}") = "WebApplication2", "WebApplication2\WebApplication2.csproj", "{CEC79C4F-5317-4519-AE20-7DB9465906B2}"
EndProject
Project("{FAE04EC0-301F-11D3-BF4B-00C04F79EFBC}") = "PayrollCalculationTest", "PayrollCalculationTest\PayrollCalculationTest.csproj", "{CF764BC6-4FB4-4812-AD58-E0424695ECCB}"
EndProject
Global
	GlobalSection(SolutionConfigurationPlatforms) = preSolution
		Debug|Any CPU = Debug|Any CPU
		Release|Any CPU = Release|Any CPU
	EndGlobalSection
	GlobalSection(ProjectConfigurationPlatforms) = postSolution
		{CEC79C4F-5317-4519-AE20-7DB9465906B2}.Debug|Any CPU.ActiveCfg = Debug|Any CPU
		{CEC79C4F-5317-4519-AE20-7DB9465906B2}.Debug|Any CPU.Build.0 = Debug|Any CPU
		{CEC79C4F-5317-4519-AE20-7DB9465906B2}.Release|Any CPU.ActiveCfg = Release|Any CPU
		{CEC79C4F-5317-4519-AE20-7DB9465906B2}.Release|Any CPU.Build.0 = Release|Any CPU
		{CF764BC6-4FB4-4812-AD58-E0424695ECCB}.Debug|Any CPU.ActiveCfg = Debug|Any CPU
		{CF764BC6-4FB4-4812-AD58-E0424695ECCB}.Debug|Any CPU.Build.0 = Debug|Any CPU
		{CF764BC6-4FB4-4812-AD58-E0424695ECCB}.Release|Any CPU.ActiveCfg = Release|Any CPU
		{CF764BC6-4FB4-4812-AD58-E0424695ECCB}.Release|Any CPU.Build.0 = Release|Any CPU
	EndGlobalSection
	GlobalSection(SolutionProperties) = preSolution
		HideSolutionNode = FALSE
	EndGlobalSection
	GlobalSection(ExtensibilityGlobals) = postSolution
		SolutionGuid = {608FC9DF-5FF5-46E4-8292-AD8A7FE5C229}
	EndGlobalSection
EndGlobal
